
Microsoft Visual Studio Solution File, Format Version 12.00
# Visual Studio 15
VisualStudioVersion = 15.0.27703.2035
MinimumVisualStudioVersion = 10.0.40219.1
Project("{8BC9CEB8-8B4A-11D0-8D11-00A0C91BC942}") = "LoginForm", "LoginForm\LoginForm.vcxproj", "{25372D8E-1C64-4DE7-81D0-11BE59A5AF08}"
EndProject
Global
	GlobalSection(SolutionConfigurationPlatforms) = preSolution
		Debug|x64 = Debug|x64
		Debug|x86 = Debug|x86
		Release|x64 = Release|x64
		Release|x86 = Release|x86
	EndGlobalSection
	GlobalSection(ProjectConfigurationPlatforms) = postSolution
		{25372D8E-1C64-4DE7-81D0-11BE59A5AF08}.Debug|x64.ActiveCfg = Debug|x64
		{25372D8E-1C64-4DE7-81D0-11BE59A5AF08}.Debug|x64.Build.0 = Debug|x64
		{25372D8E-1C64-4DE7-81D0-11BE59A5AF08}.Debug|x86.ActiveCfg = Debug|Win32
		{25372D8E-1C64-4DE7-81D0-11BE59A5AF08}.Debug|x86.Build.0 = Debug|Win32
		{25372D8E-1C64-4DE7-81D0-11BE59A5AF08}.Release|x64.ActiveCfg = Release|x64
		{25372D8E-1C64-4DE7-81D0-11BE59A5AF08}.Release|x64.Build.0 = Release|x64
		{25372D8E-1C64-4DE7-81D0-11BE59A5AF08}.Release|x86.ActiveCfg = Release|Win32
		{25372D8E-1C64-4DE7-81D0-11BE59A5AF08}.Release|x86.Build.0 = Release|Win32
	EndGlobalSection
	GlobalSection(SolutionProperties) = preSolution
		HideSolutionNode = FALSE
	EndGlobalSection
	GlobalSection(ExtensibilityGlobals) = postSolution
		SolutionGuid = {CE269924-1BF3-481D-AA72-940C3141BF5C}
	EndGlobalSection
EndGlobal
