
Microsoft Visual Studio Solution File, Format Version 12.00
# Visual Studio 15
VisualStudioVersion = 15.0.27703.2035
MinimumVisualStudioVersion = 10.0.40219.1
Project("{8BC9CEB8-8B4A-11D0-8D11-00A0C91BC942}") = "One Armed Bandit", "One Armed Bandit\One Armed Bandit.vcxproj", "{2E3EE13C-512C-4939-BEA5-B2AA04FD72D8}"
EndProject
Global
	GlobalSection(SolutionConfigurationPlatforms) = preSolution
		Debug|x64 = Debug|x64
		Debug|x86 = Debug|x86
		Release|x64 = Release|x64
		Release|x86 = Release|x86
	EndGlobalSection
	GlobalSection(ProjectConfigurationPlatforms) = postSolution
		{2E3EE13C-512C-4939-BEA5-B2AA04FD72D8}.Debug|x64.ActiveCfg = Debug|x64
		{2E3EE13C-512C-4939-BEA5-B2AA04FD72D8}.Debug|x64.Build.0 = Debug|x64
		{2E3EE13C-512C-4939-BEA5-B2AA04FD72D8}.Debug|x86.ActiveCfg = Debug|Win32
		{2E3EE13C-512C-4939-BEA5-B2AA04FD72D8}.Debug|x86.Build.0 = Debug|Win32
		{2E3EE13C-512C-4939-BEA5-B2AA04FD72D8}.Release|x64.ActiveCfg = Release|x64
		{2E3EE13C-512C-4939-BEA5-B2AA04FD72D8}.Release|x64.Build.0 = Release|x64
		{2E3EE13C-512C-4939-BEA5-B2AA04FD72D8}.Release|x86.ActiveCfg = Release|Win32
		{2E3EE13C-512C-4939-BEA5-B2AA04FD72D8}.Release|x86.Build.0 = Release|Win32
	EndGlobalSection
	GlobalSection(SolutionProperties) = preSolution
		HideSolutionNode = FALSE
	EndGlobalSection
	GlobalSection(ExtensibilityGlobals) = postSolution
		SolutionGuid = {34824084-CE66-491D-9FEF-23110F804C27}
	EndGlobalSection
EndGlobal
