
Microsoft Visual Studio Solution File, Format Version 12.00
# Visual Studio 15
VisualStudioVersion = 15.0.27703.2035
MinimumVisualStudioVersion = 10.0.40219.1
Project("{8BC9CEB8-8B4A-11D0-8D11-00A0C91BC942}") = "ManagingResources", "ManagingResources\ManagingResources.vcxproj", "{4DEC4C36-3730-4EAE-BCB5-476DF5EFAB60}"
EndProject
Global
	GlobalSection(SolutionConfigurationPlatforms) = preSolution
		Debug|x64 = Debug|x64
		Debug|x86 = Debug|x86
		Release|x64 = Release|x64
		Release|x86 = Release|x86
	EndGlobalSection
	GlobalSection(ProjectConfigurationPlatforms) = postSolution
		{4DEC4C36-3730-4EAE-BCB5-476DF5EFAB60}.Debug|x64.ActiveCfg = Debug|x64
		{4DEC4C36-3730-4EAE-BCB5-476DF5EFAB60}.Debug|x64.Build.0 = Debug|x64
		{4DEC4C36-3730-4EAE-BCB5-476DF5EFAB60}.Debug|x86.ActiveCfg = Debug|Win32
		{4DEC4C36-3730-4EAE-BCB5-476DF5EFAB60}.Debug|x86.Build.0 = Debug|Win32
		{4DEC4C36-3730-4EAE-BCB5-476DF5EFAB60}.Release|x64.ActiveCfg = Release|x64
		{4DEC4C36-3730-4EAE-BCB5-476DF5EFAB60}.Release|x64.Build.0 = Release|x64
		{4DEC4C36-3730-4EAE-BCB5-476DF5EFAB60}.Release|x86.ActiveCfg = Release|Win32
		{4DEC4C36-3730-4EAE-BCB5-476DF5EFAB60}.Release|x86.Build.0 = Release|Win32
	EndGlobalSection
	GlobalSection(SolutionProperties) = preSolution
		HideSolutionNode = FALSE
	EndGlobalSection
	GlobalSection(ExtensibilityGlobals) = postSolution
		SolutionGuid = {95FE5AB5-D19F-4E59-A9C9-83BC129C964B}
	EndGlobalSection
EndGlobal
