
Microsoft Visual Studio Solution File, Format Version 12.00
# Visual Studio 15
VisualStudioVersion = 15.0.27703.2035
MinimumVisualStudioVersion = 10.0.40219.1
Project("{8BC9CEB8-8B4A-11D0-8D11-00A0C91BC942}") = "Dictionary", "Dictionary\Dictionary.vcxproj", "{B63E9FB1-01F0-4028-8032-78514227B47F}"
EndProject
Global
	GlobalSection(SolutionConfigurationPlatforms) = preSolution
		Debug|x64 = Debug|x64
		Debug|x86 = Debug|x86
		Release|x64 = Release|x64
		Release|x86 = Release|x86
	EndGlobalSection
	GlobalSection(ProjectConfigurationPlatforms) = postSolution
		{B63E9FB1-01F0-4028-8032-78514227B47F}.Debug|x64.ActiveCfg = Debug|x64
		{B63E9FB1-01F0-4028-8032-78514227B47F}.Debug|x64.Build.0 = Debug|x64
		{B63E9FB1-01F0-4028-8032-78514227B47F}.Debug|x86.ActiveCfg = Debug|Win32
		{B63E9FB1-01F0-4028-8032-78514227B47F}.Debug|x86.Build.0 = Debug|Win32
		{B63E9FB1-01F0-4028-8032-78514227B47F}.Release|x64.ActiveCfg = Release|x64
		{B63E9FB1-01F0-4028-8032-78514227B47F}.Release|x64.Build.0 = Release|x64
		{B63E9FB1-01F0-4028-8032-78514227B47F}.Release|x86.ActiveCfg = Release|Win32
		{B63E9FB1-01F0-4028-8032-78514227B47F}.Release|x86.Build.0 = Release|Win32
	EndGlobalSection
	GlobalSection(SolutionProperties) = preSolution
		HideSolutionNode = FALSE
	EndGlobalSection
	GlobalSection(ExtensibilityGlobals) = postSolution
		SolutionGuid = {B3C0DFFF-7C1D-424B-879D-A190D0C0977B}
	EndGlobalSection
EndGlobal
